
Microsoft Visual Studio Solution File, Format Version 12.00
# Visual Studio Version 17
VisualStudioVersion = 17.5.002.0
MinimumVisualStudioVersion = 10.0.40219.1
Project("{9A19103F-16F7-4668-BE54-9A1E7A4F7556}") = "MyMvcApp", "MyMvcApp.csproj", "{AD645DD4-ECF0-4BC6-8253-AB2DC81C08B6}"
EndProject
Global
	GlobalSection(SolutionConfigurationPlatforms) = preSolution
		Debug|Any CPU = Debug|Any CPU
		Release|Any CPU = Release|Any CPU
	EndGlobalSection
	GlobalSection(ProjectConfigurationPlatforms) = postSolution
		{AD645DD4-ECF0-4BC6-8253-AB2DC81C08B6}.Debug|Any CPU.ActiveCfg = Debug|Any CPU
		{AD645DD4-ECF0-4BC6-8253-AB2DC81C08B6}.Debug|Any CPU.Build.0 = Debug|Any CPU
		{AD645DD4-ECF0-4BC6-8253-AB2DC81C08B6}.Release|Any CPU.ActiveCfg = Release|Any CPU
		{AD645DD4-ECF0-4BC6-8253-AB2DC81C08B6}.Release|Any CPU.Build.0 = Release|Any CPU
	EndGlobalSection
	GlobalSection(SolutionProperties) = preSolution
		HideSolutionNode = FALSE
	EndGlobalSection
	GlobalSection(ExtensibilityGlobals) = postSolution
		SolutionGuid = {A7133199-7CA4-409A-8CEC-8F7678F8F117}
	EndGlobalSection
EndGlobal
